# THIS IS AN AUTOGENERATED FILE. DO NOT EDIT THIS FILE DIRECTLY.
# yarn lockfile v1


govuk-frontend@^2.9.0:
  version "2.9.0"
  resolved "https://registry.yarnpkg.com/govuk-frontend/-/govuk-frontend-2.9.0.tgz#bc3ee6ee124d19e2d1ff4802c9eb7ea15039a205"
  integrity sha512-aE8Jg82H76qpMPKtnnvZbkmDQAzAtuc5uMEffkWo0fv6sWEwTISrqUF5jXWZ8tmtdWF8JGeAp71oSCL2x+RkFg==
